
Microsoft Visual Studio Solution File, Format Version 12.00
# Visual Studio Version 16
VisualStudioVersion = 16.0.29009.5
MinimumVisualStudioVersion = 10.0.40219.1
Project("{FAE04EC0-301F-11D3-BF4B-00C04F79EFBC}") = "test2", "test2\test2.csproj", "{9C825137-086C-4404-B50B-BBCE55D12AE8}"
EndProject
Global
	GlobalSection(SolutionConfigurationPlatforms) = preSolution
		Debug|Any CPU = Debug|Any CPU
		Release|Any CPU = Release|Any CPU
	EndGlobalSection
	GlobalSection(ProjectConfigurationPlatforms) = postSolution
		{9C825137-086C-4404-B50B-BBCE55D12AE8}.Debug|Any CPU.ActiveCfg = Debug|Any CPU
		{9C825137-086C-4404-B50B-BBCE55D12AE8}.Debug|Any CPU.Build.0 = Debug|Any CPU
		{9C825137-086C-4404-B50B-BBCE55D12AE8}.Release|Any CPU.ActiveCfg = Release|Any CPU
		{9C825137-086C-4404-B50B-BBCE55D12AE8}.Release|Any CPU.Build.0 = Release|Any CPU
	EndGlobalSection
	GlobalSection(SolutionProperties) = preSolution
		HideSolutionNode = FALSE
	EndGlobalSection
	GlobalSection(ExtensibilityGlobals) = postSolution
		SolutionGuid = {1B29566C-5136-4AB5-AAD5-28F44C7094D6}
	EndGlobalSection
EndGlobal
